
Microsoft Visual Studio Solution File, Format Version 11.00
# Visual Studio 2010
Project("{FAE04EC0-301F-11D3-BF4B-00C04F79EFBC}") = "SbSCh2_6", "SbSCh2_6\SbSCh2_6.csproj", "{AE13675E-2A0F-472B-A90C-6B040C0BAE41}"
EndProject
Project("{FAE04EC0-301F-11D3-BF4B-00C04F79EFBC}") = "SbSCh2_6.Web", "SbSCh2_6.Web\SbSCh2_6.Web.csproj", "{6233DD41-A468-44E7-8353-26DDEA432572}"
EndProject
Global
	GlobalSection(SolutionConfigurationPlatforms) = preSolution
		Debug|Any CPU = Debug|Any CPU
		Release|Any CPU = Release|Any CPU
	EndGlobalSection
	GlobalSection(ProjectConfigurationPlatforms) = postSolution
		{AE13675E-2A0F-472B-A90C-6B040C0BAE41}.Debug|Any CPU.ActiveCfg = Debug|Any CPU
		{AE13675E-2A0F-472B-A90C-6B040C0BAE41}.Debug|Any CPU.Build.0 = Debug|Any CPU
		{AE13675E-2A0F-472B-A90C-6B040C0BAE41}.Release|Any CPU.ActiveCfg = Release|Any CPU
		{AE13675E-2A0F-472B-A90C-6B040C0BAE41}.Release|Any CPU.Build.0 = Release|Any CPU
		{6233DD41-A468-44E7-8353-26DDEA432572}.Debug|Any CPU.ActiveCfg = Debug|Any CPU
		{6233DD41-A468-44E7-8353-26DDEA432572}.Debug|Any CPU.Build.0 = Debug|Any CPU
		{6233DD41-A468-44E7-8353-26DDEA432572}.Release|Any CPU.ActiveCfg = Release|Any CPU
		{6233DD41-A468-44E7-8353-26DDEA432572}.Release|Any CPU.Build.0 = Release|Any CPU
	EndGlobalSection
	GlobalSection(SolutionProperties) = preSolution
		HideSolutionNode = FALSE
	EndGlobalSection
EndGlobal
