
Microsoft Visual Studio Solution File, Format Version 11.00
# Visual Studio 2010
Project("{FAE04EC0-301F-11D3-BF4B-00C04F79EFBC}") = "SbSCh3_1", "SbSCh3_1\SbSCh3_1.csproj", "{754BAFB6-2943-4404-AD92-B1324ED82721}"
EndProject
Project("{FAE04EC0-301F-11D3-BF4B-00C04F79EFBC}") = "SbSCh3_1.Web", "SbSCh3_1.Web\SbSCh3_1.Web.csproj", "{16DA6305-76AA-4EBE-A3FE-82F2CF703A0F}"
EndProject
Global
	GlobalSection(SolutionConfigurationPlatforms) = preSolution
		Debug|Any CPU = Debug|Any CPU
		Release|Any CPU = Release|Any CPU
	EndGlobalSection
	GlobalSection(ProjectConfigurationPlatforms) = postSolution
		{754BAFB6-2943-4404-AD92-B1324ED82721}.Debug|Any CPU.ActiveCfg = Debug|Any CPU
		{754BAFB6-2943-4404-AD92-B1324ED82721}.Debug|Any CPU.Build.0 = Debug|Any CPU
		{754BAFB6-2943-4404-AD92-B1324ED82721}.Release|Any CPU.ActiveCfg = Release|Any CPU
		{754BAFB6-2943-4404-AD92-B1324ED82721}.Release|Any CPU.Build.0 = Release|Any CPU
		{16DA6305-76AA-4EBE-A3FE-82F2CF703A0F}.Debug|Any CPU.ActiveCfg = Debug|Any CPU
		{16DA6305-76AA-4EBE-A3FE-82F2CF703A0F}.Debug|Any CPU.Build.0 = Debug|Any CPU
		{16DA6305-76AA-4EBE-A3FE-82F2CF703A0F}.Release|Any CPU.ActiveCfg = Release|Any CPU
		{16DA6305-76AA-4EBE-A3FE-82F2CF703A0F}.Release|Any CPU.Build.0 = Release|Any CPU
	EndGlobalSection
	GlobalSection(SolutionProperties) = preSolution
		HideSolutionNode = FALSE
	EndGlobalSection
EndGlobal
